{
  "name": "object-transform-stream",
  "version": "1.0.1",
  "lockfileVersion": 1,
  "requires": true,
  "dependencies": {
    "@types/jsonstream": {
      "version": "0.8.30",
      "resolved": "https://registry.npmjs.org/@types/jsonstream/-/jsonstream-0.8.30.tgz",
      "integrity": "sha512-KqHs2eAapKL7ZKUiKI/giUYPVgkoDXkVGFehk3goo+3Q8qwxVVRC3iwg+hK/THORbcri4RRxTtlm3JoSY1KZLQ==",
      "requires": {
        "@types/node": "13.13.4"
      }
    },
    "@types/node": {
      "version": "13.13.4",
      "resolved": "https://registry.npmjs.org/@types/node/-/node-13.13.4.tgz",
      "integrity": "sha512-x26ur3dSXgv5AwKS0lNfbjpCakGIduWU1DU91Zz58ONRWrIKGunmZBNv4P7N+e27sJkiGDsw/3fT4AtsqQBrBA=="
    },
    "@types/stream-to-string": {
      "version": "1.1.0",
      "resolved": "https://registry.npmjs.org/@types/stream-to-string/-/stream-to-string-1.1.0.tgz",
      "integrity": "sha512-XILRQ/mmphogsi0+SEkVIfm4JnRQtFhJ6i/mxRjjrrRliiMx2v0/pwiXV1w5KFBvv6tSPCn4isp1Ukapp4/big==",
      "requires": {
        "@types/node": "13.13.4"
      }
    },
    "JSONStream": {
      "version": "1.3.5",
      "resolved": "https://registry.npmjs.org/JSONStream/-/JSONStream-1.3.5.tgz",
      "integrity": "sha512-E+iruNOY8VV9s4JEbe1aNEm6MiszPRr/UfcHMz0TQh1BXSxHK+ASV1R6W4HpjBhSeS+54PIsAMCBmwD06LLsqQ==",
      "requires": {
        "jsonparse": "1.3.1",
        "through": "2.3.8"
      }
    },
    "inherits": {
      "version": "2.0.4",
      "resolved": "https://registry.npmjs.org/inherits/-/inherits-2.0.4.tgz",
      "integrity": "sha512-k/vGaX4/Yla3WzyMCvTQOXYeIHvqOKtnqBduzTHpzpQZzAskKMhZ2K+EnBiSM9zGSoIFeMpXKxa4dYeZIQqewQ=="
    },
    "jsonparse": {
      "version": "1.3.1",
      "resolved": "https://registry.npmjs.org/jsonparse/-/jsonparse-1.3.1.tgz",
      "integrity": "sha1-P02uSpH6wxX3EGL4UhzCOfE2YoA="
    },
    "readable-stream": {
      "version": "3.6.0",
      "resolved": "https://registry.npmjs.org/readable-stream/-/readable-stream-3.6.0.tgz",
      "integrity": "sha512-BViHy7LKeTz4oNnkcLJ+lVSL6vpiFeX6/d3oSH8zCW7UxP2onchk+vTGB143xuFjHS3deTgkKoXXymXqymiIdA==",
      "requires": {
        "inherits": "2.0.4",
        "string_decoder": "1.3.0",
        "util-deprecate": "1.0.2"
      }
    },
    "safe-buffer": {
      "version": "5.2.0",
      "resolved": "https://registry.npmjs.org/safe-buffer/-/safe-buffer-5.2.0.tgz",
      "integrity": "sha512-fZEwUGbVl7kouZs1jCdMLdt95hdIv0ZeHg6L7qPeciMZhZ+/gdesW4wgTARkrFWEpspjEATAzUGPG8N2jJiwbg=="
    },
    "string-to-stream": {
      "version": "3.0.1",
      "resolved": "https://registry.npmjs.org/string-to-stream/-/string-to-stream-3.0.1.tgz",
      "integrity": "sha512-Hl092MV3USJuUCC6mfl9sPzGloA3K5VwdIeJjYIkXY/8K+mUvaeEabWJgArp+xXrsWxCajeT2pc4axbVhIZJyg==",
      "requires": {
        "readable-stream": "3.6.0"
      }
    },
    "string_decoder": {
      "version": "1.3.0",
      "resolved": "https://registry.npmjs.org/string_decoder/-/string_decoder-1.3.0.tgz",
      "integrity": "sha512-hkRX8U1WjJFd8LsDJ2yQ/wWWxaopEsABU1XfkM8A+j0+85JAGppt16cr1Whg6KIbb4okU6Mql6BOj+uup/wKeA==",
      "requires": {
        "safe-buffer": "5.2.0"
      }
    },
    "through": {
      "version": "2.3.8",
      "resolved": "https://registry.npmjs.org/through/-/through-2.3.8.tgz",
      "integrity": "sha1-DdTJ/6q8NXlgsbckEV1+Doai4fU="
    },
    "typescript": {
      "version": "3.8.3",
      "resolved": "https://registry.npmjs.org/typescript/-/typescript-3.8.3.tgz",
      "integrity": "sha512-MYlEfn5VrLNsgudQTVJeNaQFUAI7DkhnOjdpAp4T+ku1TfQClewlbSuTVHiA+8skNBgaf02TL/kLOvig4y3G8w==",
      "dev": true
    },
    "util-deprecate": {
      "version": "1.0.2",
      "resolved": "https://registry.npmjs.org/util-deprecate/-/util-deprecate-1.0.2.tgz",
      "integrity": "sha1-RQ1Nyfpw3nMnYvvS1KKJgUGaDM8="
    }
  }
}
